
Microsoft Visual Studio Solution File, Format Version 12.00
# Visual Studio Version 16
VisualStudioVersion = 16.0.30114.105
MinimumVisualStudioVersion = 10.0.40219.1
Project("{9A19103F-16F7-4668-BE54-9A1E7A4F7556}") = "LuccaDevises", "LuccaDevises\LuccaDevises.csproj", "{D1053B1F-17F3-4DDB-AD04-0BA270587EE3}"
EndProject
Project("{9A19103F-16F7-4668-BE54-9A1E7A4F7556}") = "Domain", "Domain\Domain.csproj", "{4F493D53-F495-4429-A7F8-4A763BCF6215}"
EndProject
Project("{9A19103F-16F7-4668-BE54-9A1E7A4F7556}") = "ApplicationService", "ApplicationService\ApplicationService.csproj", "{542456CC-515C-4A5E-8A80-A80CBBAB3891}"
EndProject
Project("{9A19103F-16F7-4668-BE54-9A1E7A4F7556}") = "ApplicationService.Test", "ApplicationService.Test\ApplicationService.Test.csproj", "{A69C0980-F2B6-4BA6-8C68-5BC2023E9B99}"
EndProject
Project("{9A19103F-16F7-4668-BE54-9A1E7A4F7556}") = "Infrastructure", "Infrastructure\Infrastructure.csproj", "{A61F015A-F129-462A-ADD2-F38B12E64311}"
EndProject
Project("{9A19103F-16F7-4668-BE54-9A1E7A4F7556}") = "Infrastructure.Test", "Infrastructure.Test\Infrastructure.Test.csproj", "{A0A1F910-87FB-42C9-BA21-6C22D85D9AB2}"
EndProject
Project("{9A19103F-16F7-4668-BE54-9A1E7A4F7556}") = "DomainService", "DomainService\DomainService.csproj", "{6A66E03C-AB53-4EC9-8626-1EA0DBD213CC}"
EndProject
Project("{9A19103F-16F7-4668-BE54-9A1E7A4F7556}") = "DomainService.Test", "DomainService.Test\DomainService.Test.csproj", "{9CBDF41F-4BF3-43B7-9B97-2364D797C932}"
EndProject
Project("{9A19103F-16F7-4668-BE54-9A1E7A4F7556}") = "Logger", "Logger\Logger.csproj", "{BA2504F1-FF61-4A83-B46B-201F9418030C}"
EndProject
Project("{FAE04EC0-301F-11D3-BF4B-00C04F79EFBC}") = "Domain.Test", "Domain.Test\Domain.Test.csproj", "{E0E3072B-C5FF-4D09-9897-E81905918432}"
EndProject
Global
	GlobalSection(SolutionConfigurationPlatforms) = preSolution
		Debug|Any CPU = Debug|Any CPU
		Release|Any CPU = Release|Any CPU
	EndGlobalSection
	GlobalSection(ProjectConfigurationPlatforms) = postSolution
		{D1053B1F-17F3-4DDB-AD04-0BA270587EE3}.Debug|Any CPU.ActiveCfg = Debug|Any CPU
		{D1053B1F-17F3-4DDB-AD04-0BA270587EE3}.Debug|Any CPU.Build.0 = Debug|Any CPU
		{D1053B1F-17F3-4DDB-AD04-0BA270587EE3}.Release|Any CPU.ActiveCfg = Release|Any CPU
		{D1053B1F-17F3-4DDB-AD04-0BA270587EE3}.Release|Any CPU.Build.0 = Release|Any CPU
		{4F493D53-F495-4429-A7F8-4A763BCF6215}.Debug|Any CPU.ActiveCfg = Debug|Any CPU
		{4F493D53-F495-4429-A7F8-4A763BCF6215}.Debug|Any CPU.Build.0 = Debug|Any CPU
		{4F493D53-F495-4429-A7F8-4A763BCF6215}.Release|Any CPU.ActiveCfg = Release|Any CPU
		{4F493D53-F495-4429-A7F8-4A763BCF6215}.Release|Any CPU.Build.0 = Release|Any CPU
		{542456CC-515C-4A5E-8A80-A80CBBAB3891}.Debug|Any CPU.ActiveCfg = Debug|Any CPU
		{542456CC-515C-4A5E-8A80-A80CBBAB3891}.Debug|Any CPU.Build.0 = Debug|Any CPU
		{542456CC-515C-4A5E-8A80-A80CBBAB3891}.Release|Any CPU.ActiveCfg = Release|Any CPU
		{542456CC-515C-4A5E-8A80-A80CBBAB3891}.Release|Any CPU.Build.0 = Release|Any CPU
		{A69C0980-F2B6-4BA6-8C68-5BC2023E9B99}.Debug|Any CPU.ActiveCfg = Debug|Any CPU
		{A69C0980-F2B6-4BA6-8C68-5BC2023E9B99}.Debug|Any CPU.Build.0 = Debug|Any CPU
		{A69C0980-F2B6-4BA6-8C68-5BC2023E9B99}.Release|Any CPU.ActiveCfg = Release|Any CPU
		{A69C0980-F2B6-4BA6-8C68-5BC2023E9B99}.Release|Any CPU.Build.0 = Release|Any CPU
		{A61F015A-F129-462A-ADD2-F38B12E64311}.Debug|Any CPU.ActiveCfg = Debug|Any CPU
		{A61F015A-F129-462A-ADD2-F38B12E64311}.Debug|Any CPU.Build.0 = Debug|Any CPU
		{A61F015A-F129-462A-ADD2-F38B12E64311}.Release|Any CPU.ActiveCfg = Release|Any CPU
		{A61F015A-F129-462A-ADD2-F38B12E64311}.Release|Any CPU.Build.0 = Release|Any CPU
		{A0A1F910-87FB-42C9-BA21-6C22D85D9AB2}.Debug|Any CPU.ActiveCfg = Debug|Any CPU
		{A0A1F910-87FB-42C9-BA21-6C22D85D9AB2}.Debug|Any CPU.Build.0 = Debug|Any CPU
		{A0A1F910-87FB-42C9-BA21-6C22D85D9AB2}.Release|Any CPU.ActiveCfg = Release|Any CPU
		{A0A1F910-87FB-42C9-BA21-6C22D85D9AB2}.Release|Any CPU.Build.0 = Release|Any CPU
		{6A66E03C-AB53-4EC9-8626-1EA0DBD213CC}.Debug|Any CPU.ActiveCfg = Debug|Any CPU
		{6A66E03C-AB53-4EC9-8626-1EA0DBD213CC}.Debug|Any CPU.Build.0 = Debug|Any CPU
		{6A66E03C-AB53-4EC9-8626-1EA0DBD213CC}.Release|Any CPU.ActiveCfg = Release|Any CPU
		{6A66E03C-AB53-4EC9-8626-1EA0DBD213CC}.Release|Any CPU.Build.0 = Release|Any CPU
		{9CBDF41F-4BF3-43B7-9B97-2364D797C932}.Debug|Any CPU.ActiveCfg = Debug|Any CPU
		{9CBDF41F-4BF3-43B7-9B97-2364D797C932}.Debug|Any CPU.Build.0 = Debug|Any CPU
		{9CBDF41F-4BF3-43B7-9B97-2364D797C932}.Release|Any CPU.ActiveCfg = Release|Any CPU
		{9CBDF41F-4BF3-43B7-9B97-2364D797C932}.Release|Any CPU.Build.0 = Release|Any CPU
		{BA2504F1-FF61-4A83-B46B-201F9418030C}.Debug|Any CPU.ActiveCfg = Debug|Any CPU
		{BA2504F1-FF61-4A83-B46B-201F9418030C}.Debug|Any CPU.Build.0 = Debug|Any CPU
		{BA2504F1-FF61-4A83-B46B-201F9418030C}.Release|Any CPU.ActiveCfg = Release|Any CPU
		{BA2504F1-FF61-4A83-B46B-201F9418030C}.Release|Any CPU.Build.0 = Release|Any CPU
		{E0E3072B-C5FF-4D09-9897-E81905918432}.Debug|Any CPU.ActiveCfg = Debug|Any CPU
		{E0E3072B-C5FF-4D09-9897-E81905918432}.Debug|Any CPU.Build.0 = Debug|Any CPU
		{E0E3072B-C5FF-4D09-9897-E81905918432}.Release|Any CPU.ActiveCfg = Release|Any CPU
		{E0E3072B-C5FF-4D09-9897-E81905918432}.Release|Any CPU.Build.0 = Release|Any CPU
	EndGlobalSection
	GlobalSection(SolutionProperties) = preSolution
		HideSolutionNode = FALSE
	EndGlobalSection
	GlobalSection(ExtensibilityGlobals) = postSolution
		SolutionGuid = {A386843E-FB9A-4854-9877-15DBB74F9832}
	EndGlobalSection
EndGlobal
